
Microsoft Visual Studio Solution File, Format Version 12.00
# Visual Studio Version 17
VisualStudioVersion = 17.0.32014.148
MinimumVisualStudioVersion = 10.0.40219.1
Project("{9A19103F-16F7-4668-BE54-9A1E7A4F7556}") = "Domain", "FuzBallManager.Domain\Domain.csproj", "{A9D82492-4190-42A3-8E46-848A1818587E}"
EndProject
Project("{9A19103F-16F7-4668-BE54-9A1E7A4F7556}") = "Application", "FuzBallManager.Application\Application.csproj", "{596314AC-C722-4663-A81F-ED998F9B1C7F}"
EndProject
Project("{9A19103F-16F7-4668-BE54-9A1E7A4F7556}") = "Infrastructure", "FuzBallManager.Infrastructure\Infrastructure.csproj", "{8A25DD48-5FB3-49C6-B386-44F5A1CDBA7F}"
EndProject
Project("{9A19103F-16F7-4668-BE54-9A1E7A4F7556}") = "UIConsole", "FuzBallManager.Console\UIConsole.csproj", "{224AFDCC-22C0-463C-B116-21E5D0ADEE09}"
EndProject
Project("{2150E333-8FDC-42A3-9474-1A3956D46DE8}") = "6.Testing", "6.Testing", "{356AEF43-32C3-48CB-B754-D02E80B37ADD}"
EndProject
Project("{9A19103F-16F7-4668-BE54-9A1E7A4F7556}") = "xUnitTest", "FuzBallManager.xUnitTest\xUnitTest.csproj", "{CDC001A2-C430-4FA6-9791-2F9D5488BCC8}"
EndProject
Project("{9A19103F-16F7-4668-BE54-9A1E7A4F7556}") = "API", "FBM.API\API.csproj", "{BE3B8CA4-21FA-4815-840A-BB014B3DD6D5}"
EndProject
Project("{2150E333-8FDC-42A3-9474-1A3956D46DE8}") = "1.Domain", "1.Domain", "{11094571-DCF8-4C68-85C6-A49A5FEF7307}"
EndProject
Project("{2150E333-8FDC-42A3-9474-1A3956D46DE8}") = "2.1Application", "2.1Application", "{153B3A71-B283-4F1F-8FC7-54F127CB724C}"
EndProject
Project("{2150E333-8FDC-42A3-9474-1A3956D46DE8}") = "3.Infrastructure", "3.Infrastructure", "{5CB326C9-C4D4-460A-977C-9AFD01A08CFC}"
EndProject
Project("{2150E333-8FDC-42A3-9474-1A3956D46DE8}") = "4.API", "4.API", "{C322043E-B6B4-49EC-A8AE-2ED29FC0F973}"
EndProject
Project("{2150E333-8FDC-42A3-9474-1A3956D46DE8}") = "5.UIConsole", "5.UIConsole", "{59DFF82E-1F55-433C-9357-C39A7808396F}"
EndProject
Project("{9A19103F-16F7-4668-BE54-9A1E7A4F7556}") = "ApiClient", "ApiClient\ApiClient.csproj", "{8A280B7C-E7B3-4B90-9BEA-527BD9532104}"
EndProject
Project("{2150E333-8FDC-42A3-9474-1A3956D46DE8}") = "2.2APIClient", "2.2APIClient", "{F51662A6-1579-4CFB-84DE-36C676B3DDD0}"
EndProject
Global
	GlobalSection(SolutionConfigurationPlatforms) = preSolution
		Debug|Any CPU = Debug|Any CPU
		Release|Any CPU = Release|Any CPU
	EndGlobalSection
	GlobalSection(ProjectConfigurationPlatforms) = postSolution
		{A9D82492-4190-42A3-8E46-848A1818587E}.Debug|Any CPU.ActiveCfg = Debug|Any CPU
		{A9D82492-4190-42A3-8E46-848A1818587E}.Debug|Any CPU.Build.0 = Debug|Any CPU
		{A9D82492-4190-42A3-8E46-848A1818587E}.Release|Any CPU.ActiveCfg = Release|Any CPU
		{A9D82492-4190-42A3-8E46-848A1818587E}.Release|Any CPU.Build.0 = Release|Any CPU
		{596314AC-C722-4663-A81F-ED998F9B1C7F}.Debug|Any CPU.ActiveCfg = Debug|Any CPU
		{596314AC-C722-4663-A81F-ED998F9B1C7F}.Debug|Any CPU.Build.0 = Debug|Any CPU
		{596314AC-C722-4663-A81F-ED998F9B1C7F}.Release|Any CPU.ActiveCfg = Release|Any CPU
		{596314AC-C722-4663-A81F-ED998F9B1C7F}.Release|Any CPU.Build.0 = Release|Any CPU
		{8A25DD48-5FB3-49C6-B386-44F5A1CDBA7F}.Debug|Any CPU.ActiveCfg = Debug|Any CPU
		{8A25DD48-5FB3-49C6-B386-44F5A1CDBA7F}.Debug|Any CPU.Build.0 = Debug|Any CPU
		{8A25DD48-5FB3-49C6-B386-44F5A1CDBA7F}.Release|Any CPU.ActiveCfg = Release|Any CPU
		{8A25DD48-5FB3-49C6-B386-44F5A1CDBA7F}.Release|Any CPU.Build.0 = Release|Any CPU
		{224AFDCC-22C0-463C-B116-21E5D0ADEE09}.Debug|Any CPU.ActiveCfg = Debug|Any CPU
		{224AFDCC-22C0-463C-B116-21E5D0ADEE09}.Debug|Any CPU.Build.0 = Debug|Any CPU
		{224AFDCC-22C0-463C-B116-21E5D0ADEE09}.Release|Any CPU.ActiveCfg = Release|Any CPU
		{224AFDCC-22C0-463C-B116-21E5D0ADEE09}.Release|Any CPU.Build.0 = Release|Any CPU
		{CDC001A2-C430-4FA6-9791-2F9D5488BCC8}.Debug|Any CPU.ActiveCfg = Debug|Any CPU
		{CDC001A2-C430-4FA6-9791-2F9D5488BCC8}.Debug|Any CPU.Build.0 = Debug|Any CPU
		{CDC001A2-C430-4FA6-9791-2F9D5488BCC8}.Release|Any CPU.ActiveCfg = Release|Any CPU
		{CDC001A2-C430-4FA6-9791-2F9D5488BCC8}.Release|Any CPU.Build.0 = Release|Any CPU
		{BE3B8CA4-21FA-4815-840A-BB014B3DD6D5}.Debug|Any CPU.ActiveCfg = Debug|Any CPU
		{BE3B8CA4-21FA-4815-840A-BB014B3DD6D5}.Debug|Any CPU.Build.0 = Debug|Any CPU
		{BE3B8CA4-21FA-4815-840A-BB014B3DD6D5}.Release|Any CPU.ActiveCfg = Release|Any CPU
		{BE3B8CA4-21FA-4815-840A-BB014B3DD6D5}.Release|Any CPU.Build.0 = Release|Any CPU
		{8A280B7C-E7B3-4B90-9BEA-527BD9532104}.Debug|Any CPU.ActiveCfg = Debug|Any CPU
		{8A280B7C-E7B3-4B90-9BEA-527BD9532104}.Debug|Any CPU.Build.0 = Debug|Any CPU
		{8A280B7C-E7B3-4B90-9BEA-527BD9532104}.Release|Any CPU.ActiveCfg = Release|Any CPU
		{8A280B7C-E7B3-4B90-9BEA-527BD9532104}.Release|Any CPU.Build.0 = Release|Any CPU
	EndGlobalSection
	GlobalSection(SolutionProperties) = preSolution
		HideSolutionNode = FALSE
	EndGlobalSection
	GlobalSection(NestedProjects) = preSolution
		{A9D82492-4190-42A3-8E46-848A1818587E} = {11094571-DCF8-4C68-85C6-A49A5FEF7307}
		{596314AC-C722-4663-A81F-ED998F9B1C7F} = {153B3A71-B283-4F1F-8FC7-54F127CB724C}
		{8A25DD48-5FB3-49C6-B386-44F5A1CDBA7F} = {5CB326C9-C4D4-460A-977C-9AFD01A08CFC}
		{224AFDCC-22C0-463C-B116-21E5D0ADEE09} = {59DFF82E-1F55-433C-9357-C39A7808396F}
		{CDC001A2-C430-4FA6-9791-2F9D5488BCC8} = {356AEF43-32C3-48CB-B754-D02E80B37ADD}
		{BE3B8CA4-21FA-4815-840A-BB014B3DD6D5} = {C322043E-B6B4-49EC-A8AE-2ED29FC0F973}
		{8A280B7C-E7B3-4B90-9BEA-527BD9532104} = {F51662A6-1579-4CFB-84DE-36C676B3DDD0}
	EndGlobalSection
	GlobalSection(ExtensibilityGlobals) = postSolution
		SolutionGuid = {C7E3FCD9-65B0-40DE-BCE9-66A92D1C8758}
	EndGlobalSection
EndGlobal
